// !$*UTF8*$!
{
	archiveVersion = 1;
	classes = {
	};
	objectVersion = 50;
	objects = {

/* Begin PBXBuildFile section */
		749AFCCF8DBFD3C2B1710C01 /* Pods_Vira.framework in Frameworks */ = {isa = PBXBuildFile; fileRef = E5B19A73E3F9E91A3383F968 /* Pods_Vira.framework */; };
		EB70056E21FBA3530005760A /* DailyWeatherForecast.swift in Sources */ = {isa = PBXBuildFile; fileRef = EB70056D21FBA3530005760A /* DailyWeatherForecast.swift */; };
		EB70057021FBA7230005760A /* MITShuttle.swift in Sources */ = {isa = PBXBuildFile; fileRef = EB70056F21FBA7230005760A /* MITShuttle.swift */; };
		EB70057221FBA89C0005760A /* ShuttleStop.swift in Sources */ = {isa = PBXBuildFile; fileRef = EB70057121FBA89C0005760A /* ShuttleStop.swift */; };
		EB70057421FBAA020005760A /* ShuttlePrediction.swift in Sources */ = {isa = PBXBuildFile; fileRef = EB70057321FBAA020005760A /* ShuttlePrediction.swift */; };
		EBBD7B1F21FB9E67007F80DA /* Forecast.swift in Sources */ = {isa = PBXBuildFile; fileRef = EBBD7B1E21FB9E67007F80DA /* Forecast.swift */; };
		EBBD7B2121FB9FB7007F80DA /* CurrentWeatherForecast.swift in Sources */ = {isa = PBXBuildFile; fileRef = EBBD7B2021FB9FB7007F80DA /* CurrentWeatherForecast.swift */; };
		EBE4863A21FB944A0082458D /* AppDelegate.swift in Sources */ = {isa = PBXBuildFile; fileRef = EBE4863921FB944A0082458D /* AppDelegate.swift */; };
		EBE4863C21FB944A0082458D /* MainViewController.swift in Sources */ = {isa = PBXBuildFile; fileRef = EBE4863B21FB944A0082458D /* MainViewController.swift */; };
		EBE4863F21FB944A0082458D /* Main.storyboard in Resources */ = {isa = PBXBuildFile; fileRef = EBE4863D21FB944A0082458D /* Main.storyboard */; };
		EBE4864121FB944C0082458D /* Assets.xcassets in Resources */ = {isa = PBXBuildFile; fileRef = EBE4864021FB944C0082458D /* Assets.xcassets */; };
		EBE4864421FB944C0082458D /* LaunchScreen.storyboard in Resources */ = {isa = PBXBuildFile; fileRef = EBE4864221FB944C0082458D /* LaunchScreen.storyboard */; };
		EBF0DFCC21FBCEE500BDEB8F /* Space.swift in Sources */ = {isa = PBXBuildFile; fileRef = EBF0DFCB21FBCEE500BDEB8F /* Space.swift */; };
		EBF0DFCE21FBCF1D00BDEB8F /* Header.swift in Sources */ = {isa = PBXBuildFile; fileRef = EBF0DFCD21FBCF1D00BDEB8F /* Header.swift */; };
		EBF0DFD021FBCF8900BDEB8F /* Shuttle.swift in Sources */ = {isa = PBXBuildFile; fileRef = EBF0DFCF21FBCF8900BDEB8F /* Shuttle.swift */; };
		EBF0DFD221FBCF9E00BDEB8F /* Weather.swift in Sources */ = {isa = PBXBuildFile; fileRef = EBF0DFD121FBCF9E00BDEB8F /* Weather.swift */; };
		EBF0DFD421FBCFFD00BDEB8F /* ViraCellDescriptor.swift in Sources */ = {isa = PBXBuildFile; fileRef = EBF0DFD321FBCFFD00BDEB8F /* ViraCellDescriptor.swift */; };
		EBF0DFD821FBD4AC00BDEB8F /* HeaderCell.swift in Sources */ = {isa = PBXBuildFile; fileRef = EBF0DFD721FBD4AC00BDEB8F /* HeaderCell.swift */; };
		EBF0DFDA21FBD63400BDEB8F /* ViraCell.swift in Sources */ = {isa = PBXBuildFile; fileRef = EBF0DFD921FBD63400BDEB8F /* ViraCell.swift */; };
		EBF0DFDC21FBD73900BDEB8F /* WeatherCell.swift in Sources */ = {isa = PBXBuildFile; fileRef = EBF0DFDB21FBD73900BDEB8F /* WeatherCell.swift */; };
		EBF0DFDE21FBD75000BDEB8F /* ShuttleCell.swift in Sources */ = {isa = PBXBuildFile; fileRef = EBF0DFDD21FBD75000BDEB8F /* ShuttleCell.swift */; };
		EBF0DFE021FBDD3200BDEB8F /* SpaceCell.swift in Sources */ = {isa = PBXBuildFile; fileRef = EBF0DFDF21FBDD3200BDEB8F /* SpaceCell.swift */; };
/* End PBXBuildFile section */

/* Begin PBXFileReference section */
		634783292AE536A112ADFF06 /* Pods-Vira.debug.xcconfig */ = {isa = PBXFileReference; includeInIndex = 1; lastKnownFileType = text.xcconfig; name = "Pods-Vira.debug.xcconfig"; path = "Target Support Files/Pods-Vira/Pods-Vira.debug.xcconfig"; sourceTree = "<group>"; };
		85C21E9A83F280FB64129CA3 /* Pods-Vira.release.xcconfig */ = {isa = PBXFileReference; includeInIndex = 1; lastKnownFileType = text.xcconfig; name = "Pods-Vira.release.xcconfig"; path = "Target Support Files/Pods-Vira/Pods-Vira.release.xcconfig"; sourceTree = "<group>"; };
		E5B19A73E3F9E91A3383F968 /* Pods_Vira.framework */ = {isa = PBXFileReference; explicitFileType = wrapper.framework; includeInIndex = 0; path = Pods_Vira.framework; sourceTree = BUILT_PRODUCTS_DIR; };
		EB70056D21FBA3530005760A /* DailyWeatherForecast.swift */ = {isa = PBXFileReference; lastKnownFileType = sourcecode.swift; path = DailyWeatherForecast.swift; sourceTree = "<group>"; };
		EB70056F21FBA7230005760A /* MITShuttle.swift */ = {isa = PBXFileReference; lastKnownFileType = sourcecode.swift; path = MITShuttle.swift; sourceTree = "<group>"; };
		EB70057121FBA89C0005760A /* ShuttleStop.swift */ = {isa = PBXFileReference; lastKnownFileType = sourcecode.swift; path = ShuttleStop.swift; sourceTree = "<group>"; };
		EB70057321FBAA020005760A /* ShuttlePrediction.swift */ = {isa = PBXFileReference; lastKnownFileType = sourcecode.swift; path = ShuttlePrediction.swift; sourceTree = "<group>"; };
		EBBD7B1E21FB9E67007F80DA /* Forecast.swift */ = {isa = PBXFileReference; lastKnownFileType = sourcecode.swift; path = Forecast.swift; sourceTree = "<group>"; };
		EBBD7B2021FB9FB7007F80DA /* CurrentWeatherForecast.swift */ = {isa = PBXFileReference; lastKnownFileType = sourcecode.swift; path = CurrentWeatherForecast.swift; sourceTree = "<group>"; };
		EBE4863621FB944A0082458D /* Vira.app */ = {isa = PBXFileReference; explicitFileType = wrapper.application; includeInIndex = 0; path = Vira.app; sourceTree = BUILT_PRODUCTS_DIR; };
		EBE4863921FB944A0082458D /* AppDelegate.swift */ = {isa = PBXFileReference; lastKnownFileType = sourcecode.swift; path = AppDelegate.swift; sourceTree = "<group>"; };
		EBE4863B21FB944A0082458D /* MainViewController.swift */ = {isa = PBXFileReference; lastKnownFileType = sourcecode.swift; path = MainViewController.swift; sourceTree = "<group>"; };
		EBE4863E21FB944A0082458D /* Base */ = {isa = PBXFileReference; lastKnownFileType = file.storyboard; name = Base; path = Base.lproj/Main.storyboard; sourceTree = "<group>"; };
		EBE4864021FB944C0082458D /* Assets.xcassets */ = {isa = PBXFileReference; lastKnownFileType = folder.assetcatalog; path = Assets.xcassets; sourceTree = "<group>"; };
		EBE4864321FB944C0082458D /* Base */ = {isa = PBXFileReference; lastKnownFileType = file.storyboard; name = Base; path = Base.lproj/LaunchScreen.storyboard; sourceTree = "<group>"; };
		EBE4864521FB944C0082458D /* Info.plist */ = {isa = PBXFileReference; lastKnownFileType = text.plist.xml; path = Info.plist; sourceTree = "<group>"; };
		EBF0DFCB21FBCEE500BDEB8F /* Space.swift */ = {isa = PBXFileReference; lastKnownFileType = sourcecode.swift; path = Space.swift; sourceTree = "<group>"; };
		EBF0DFCD21FBCF1D00BDEB8F /* Header.swift */ = {isa = PBXFileReference; lastKnownFileType = sourcecode.swift; path = Header.swift; sourceTree = "<group>"; };
		EBF0DFCF21FBCF8900BDEB8F /* Shuttle.swift */ = {isa = PBXFileReference; lastKnownFileType = sourcecode.swift; path = Shuttle.swift; sourceTree = "<group>"; };
		EBF0DFD121FBCF9E00BDEB8F /* Weather.swift */ = {isa = PBXFileReference; lastKnownFileType = sourcecode.swift; path = Weather.swift; sourceTree = "<group>"; };
		EBF0DFD321FBCFFD00BDEB8F /* ViraCellDescriptor.swift */ = {isa = PBXFileReference; lastKnownFileType = sourcecode.swift; path = ViraCellDescriptor.swift; sourceTree = "<group>"; };
		EBF0DFD721FBD4AC00BDEB8F /* HeaderCell.swift */ = {isa = PBXFileReference; lastKnownFileType = sourcecode.swift; path = HeaderCell.swift; sourceTree = "<group>"; };
		EBF0DFD921FBD63400BDEB8F /* ViraCell.swift */ = {isa = PBXFileReference; lastKnownFileType = sourcecode.swift; path = ViraCell.swift; sourceTree = "<group>"; };
		EBF0DFDB21FBD73900BDEB8F /* WeatherCell.swift */ = {isa = PBXFileReference; lastKnownFileType = sourcecode.swift; path = WeatherCell.swift; sourceTree = "<group>"; };
		EBF0DFDD21FBD75000BDEB8F /* ShuttleCell.swift */ = {isa = PBXFileReference; lastKnownFileType = sourcecode.swift; path = ShuttleCell.swift; sourceTree = "<group>"; };
		EBF0DFDF21FBDD3200BDEB8F /* SpaceCell.swift */ = {isa = PBXFileReference; lastKnownFileType = sourcecode.swift; path = SpaceCell.swift; sourceTree = "<group>"; };
/* End PBXFileReference section */

/* Begin PBXFrameworksBuildPhase section */
		EBE4863321FB94490082458D /* Frameworks */ = {
			isa = PBXFrameworksBuildPhase;
			buildActionMask = 2147483647;
			files = (
				749AFCCF8DBFD3C2B1710C01 /* Pods_Vira.framework in Frameworks */,
			);
			runOnlyForDeploymentPostprocessing = 0;
		};
/* End PBXFrameworksBuildPhase section */

/* Begin PBXGroup section */
		E09267CC81AFB7AC87B471B0 /* Pods */ = {
			isa = PBXGroup;
			children = (
				634783292AE536A112ADFF06 /* Pods-Vira.debug.xcconfig */,
				85C21E9A83F280FB64129CA3 /* Pods-Vira.release.xcconfig */,
			);
			path = Pods;
			sourceTree = "<group>";
		};
		EBE4862D21FB94490082458D = {
			isa = PBXGroup;
			children = (
				EBE4863821FB944A0082458D /* Vira */,
				EBE4863721FB944A0082458D /* Products */,
				E09267CC81AFB7AC87B471B0 /* Pods */,
				F623DF631318FBCAB2DCF7F6 /* Frameworks */,
			);
			sourceTree = "<group>";
		};
		EBE4863721FB944A0082458D /* Products */ = {
			isa = PBXGroup;
			children = (
				EBE4863621FB944A0082458D /* Vira.app */,
			);
			name = Products;
			sourceTree = "<group>";
		};
		EBE4863821FB944A0082458D /* Vira */ = {
			isa = PBXGroup;
			children = (
				EBE4863921FB944A0082458D /* AppDelegate.swift */,
				EBE4863B21FB944A0082458D /* MainViewController.swift */,
				EB70056F21FBA7230005760A /* MITShuttle.swift */,
				EB70057121FBA89C0005760A /* ShuttleStop.swift */,
				EB70057321FBAA020005760A /* ShuttlePrediction.swift */,
				EBBD7B1E21FB9E67007F80DA /* Forecast.swift */,
				EBF0DFCB21FBCEE500BDEB8F /* Space.swift */,
				EBF0DFCD21FBCF1D00BDEB8F /* Header.swift */,
				EBF0DFCF21FBCF8900BDEB8F /* Shuttle.swift */,
				EBF0DFD121FBCF9E00BDEB8F /* Weather.swift */,
				EBF0DFD721FBD4AC00BDEB8F /* HeaderCell.swift */,
				EBF0DFDD21FBD75000BDEB8F /* ShuttleCell.swift */,
				EBF0DFD321FBCFFD00BDEB8F /* ViraCellDescriptor.swift */,
				EBF0DFD921FBD63400BDEB8F /* ViraCell.swift */,
				EBF0DFDF21FBDD3200BDEB8F /* SpaceCell.swift */,
				EBF0DFDB21FBD73900BDEB8F /* WeatherCell.swift */,
				EBBD7B2021FB9FB7007F80DA /* CurrentWeatherForecast.swift */,
				EB70056D21FBA3530005760A /* DailyWeatherForecast.swift */,
				EBE4863D21FB944A0082458D /* Main.storyboard */,
				EBE4864021FB944C0082458D /* Assets.xcassets */,
				EBE4864221FB944C0082458D /* LaunchScreen.storyboard */,
				EBE4864521FB944C0082458D /* Info.plist */,
			);
			path = Vira;
			sourceTree = "<group>";
		};
		F623DF631318FBCAB2DCF7F6 /* Frameworks */ = {
			isa = PBXGroup;
			children = (
				E5B19A73E3F9E91A3383F968 /* Pods_Vira.framework */,
			);
			name = Frameworks;
			sourceTree = "<group>";
		};
/* End PBXGroup section */

/* Begin PBXNativeTarget section */
		EBE4863521FB94490082458D /* Vira */ = {
			isa = PBXNativeTarget;
			buildConfigurationList = EBE4864821FB944C0082458D /* Build configuration list for PBXNativeTarget "Vira" */;
			buildPhases = (
				04485774D8ED2213D28DDC01 /* [CP] Check Pods Manifest.lock */,
				EBE4863221FB94490082458D /* Sources */,
				EBE4863321FB94490082458D /* Frameworks */,
				EBE4863421FB94490082458D /* Resources */,
				B75A597B1E2493EAFC6946D7 /* [CP] Embed Pods Frameworks */,
			);
			buildRules = (
			);
			dependencies = (
			);
			name = Vira;
			productName = Vira;
			productReference = EBE4863621FB944A0082458D /* Vira.app */;
			productType = "com.apple.product-type.application";
		};
/* End PBXNativeTarget section */

/* Begin PBXProject section */
		EBE4862E21FB94490082458D /* Project object */ = {
			isa = PBXProject;
			attributes = {
				LastSwiftUpdateCheck = 1010;
				LastUpgradeCheck = 1010;
				ORGANIZATIONNAME = "Jack Cook";
				TargetAttributes = {
					EBE4863521FB94490082458D = {
						CreatedOnToolsVersion = 10.1;
					};
				};
			};
			buildConfigurationList = EBE4863121FB94490082458D /* Build configuration list for PBXProject "Vira" */;
			compatibilityVersion = "Xcode 9.3";
			developmentRegion = en;
			hasScannedForEncodings = 0;
			knownRegions = (
				en,
				Base,
			);
			mainGroup = EBE4862D21FB94490082458D;
			productRefGroup = EBE4863721FB944A0082458D /* Products */;
			projectDirPath = "";
			projectRoot = "";
			targets = (
				EBE4863521FB94490082458D /* Vira */,
			);
		};
/* End PBXProject section */

/* Begin PBXResourcesBuildPhase section */
		EBE4863421FB94490082458D /* Resources */ = {
			isa = PBXResourcesBuildPhase;
			buildActionMask = 2147483647;
			files = (
				EBE4864421FB944C0082458D /* LaunchScreen.storyboard in Resources */,
				EBE4864121FB944C0082458D /* Assets.xcassets in Resources */,
				EBE4863F21FB944A0082458D /* Main.storyboard in Resources */,
			);
			runOnlyForDeploymentPostprocessing = 0;
		};
/* End PBXResourcesBuildPhase section */

/* Begin PBXShellScriptBuildPhase section */
		04485774D8ED2213D28DDC01 /* [CP] Check Pods Manifest.lock */ = {
			isa = PBXShellScriptBuildPhase;
			buildActionMask = 2147483647;
			files = (
			);
			inputFileListPaths = (
			);
			inputPaths = (
				"${PODS_PODFILE_DIR_PATH}/Podfile.lock",
				"${PODS_ROOT}/Manifest.lock",
			);
			name = "[CP] Check Pods Manifest.lock";
			outputFileListPaths = (
			);
			outputPaths = (
				"$(DERIVED_FILE_DIR)/Pods-Vira-checkManifestLockResult.txt",
			);
			runOnlyForDeploymentPostprocessing = 0;
			shellPath = /bin/sh;
			shellScript = "diff \"${PODS_PODFILE_DIR_PATH}/Podfile.lock\" \"${PODS_ROOT}/Manifest.lock\" > /dev/null\nif [ $? != 0 ] ; then\n    # print error to STDERR\n    echo \"error: The sandbox is not in sync with the Podfile.lock. Run 'pod install' or update your CocoaPods installation.\" >&2\n    exit 1\nfi\n# This output is used by Xcode 'outputs' to avoid re-running this script phase.\necho \"SUCCESS\" > \"${SCRIPT_OUTPUT_FILE_0}\"\n";
			showEnvVarsInLog = 0;
		};
		B75A597B1E2493EAFC6946D7 /* [CP] Embed Pods Frameworks */ = {
			isa = PBXShellScriptBuildPhase;
			buildActionMask = 2147483647;
			files = (
			);
			inputFileListPaths = (
			);
			inputPaths = (
				"${PODS_ROOT}/Target Support Files/Pods-Vira/Pods-Vira-frameworks.sh",
				"${BUILT_PRODUCTS_DIR}/SwiftyJSON/SwiftyJSON.framework",
			);
			name = "[CP] Embed Pods Frameworks";
			outputFileListPaths = (
			);
			outputPaths = (
				"${TARGET_BUILD_DIR}/${FRAMEWORKS_FOLDER_PATH}/SwiftyJSON.framework",
			);
			runOnlyForDeploymentPostprocessing = 0;
			shellPath = /bin/sh;
			shellScript = "\"${PODS_ROOT}/Target Support Files/Pods-Vira/Pods-Vira-frameworks.sh\"\n";
			showEnvVarsInLog = 0;
		};
/* End PBXShellScriptBuildPhase section */

/* Begin PBXSourcesBuildPhase section */
		EBE4863221FB94490082458D /* Sources */ = {
			isa = PBXSourcesBuildPhase;
			buildActionMask = 2147483647;
			files = (
				EBE4863C21FB944A0082458D /* MainViewController.swift in Sources */,
				EBF0DFCC21FBCEE500BDEB8F /* Space.swift in Sources */,
				EBF0DFDA21FBD63400BDEB8F /* ViraCell.swift in Sources */,
				EBBD7B1F21FB9E67007F80DA /* Forecast.swift in Sources */,
				EB70057021FBA7230005760A /* MITShuttle.swift in Sources */,
				EBF0DFDE21FBD75000BDEB8F /* ShuttleCell.swift in Sources */,
				EBE4863A21FB944A0082458D /* AppDelegate.swift in Sources */,
				EBF0DFD421FBCFFD00BDEB8F /* ViraCellDescriptor.swift in Sources */,
				EBF0DFD821FBD4AC00BDEB8F /* HeaderCell.swift in Sources */,
				EBF0DFD021FBCF8900BDEB8F /* Shuttle.swift in Sources */,
				EBF0DFE021FBDD3200BDEB8F /* SpaceCell.swift in Sources */,
				EB70057421FBAA020005760A /* ShuttlePrediction.swift in Sources */,
				EBF0DFCE21FBCF1D00BDEB8F /* Header.swift in Sources */,
				EBF0DFD221FBCF9E00BDEB8F /* Weather.swift in Sources */,
				EBF0DFDC21FBD73900BDEB8F /* WeatherCell.swift in Sources */,
				EB70057221FBA89C0005760A /* ShuttleStop.swift in Sources */,
				EB70056E21FBA3530005760A /* DailyWeatherForecast.swift in Sources */,
				EBBD7B2121FB9FB7007F80DA /* CurrentWeatherForecast.swift in Sources */,
			);
			runOnlyForDeploymentPostprocessing = 0;
		};
/* End PBXSourcesBuildPhase section */

/* Begin PBXVariantGroup section */
		EBE4863D21FB944A0082458D /* Main.storyboard */ = {
			isa = PBXVariantGroup;
			children = (
				EBE4863E21FB944A0082458D /* Base */,
			);
			name = Main.storyboard;
			sourceTree = "<group>";
		};
		EBE4864221FB944C0082458D /* LaunchScreen.storyboard */ = {
			isa = PBXVariantGroup;
			children = (
				EBE4864321FB944C0082458D /* Base */,
			);
			name = LaunchScreen.storyboard;
			sourceTree = "<group>";
		};
/* End PBXVariantGroup section */

/* Begin XCBuildConfiguration section */
		EBE4864621FB944C0082458D /* Debug */ = {
			isa = XCBuildConfiguration;
			buildSettings = {
				ALWAYS_SEARCH_USER_PATHS = NO;
				CLANG_ANALYZER_NONNULL = YES;
				CLANG_ANALYZER_NUMBER_OBJECT_CONVERSION = YES_AGGRESSIVE;
				CLANG_CXX_LANGUAGE_STANDARD = "gnu++14";
				CLANG_CXX_LIBRARY = "libc++";
				CLANG_ENABLE_MODULES = YES;
				CLANG_ENABLE_OBJC_ARC = YES;
				CLANG_ENABLE_OBJC_WEAK = YES;
				CLANG_WARN_BLOCK_CAPTURE_AUTORELEASING = YES;
				CLANG_WARN_BOOL_CONVERSION = YES;
				CLANG_WARN_COMMA = YES;
				CLANG_WARN_CONSTANT_CONVERSION = YES;
				CLANG_WARN_DEPRECATED_OBJC_IMPLEMENTATIONS = YES;
				CLANG_WARN_DIRECT_OBJC_ISA_USAGE = YES_ERROR;
				CLANG_WARN_DOCUMENTATION_COMMENTS = YES;
				CLANG_WARN_EMPTY_BODY = YES;
				CLANG_WARN_ENUM_CONVERSION = YES;
				CLANG_WARN_INFINITE_RECURSION = YES;
				CLANG_WARN_INT_CONVERSION = YES;
				CLANG_WARN_NON_LITERAL_NULL_CONVERSION = YES;
				CLANG_WARN_OBJC_IMPLICIT_RETAIN_SELF = YES;
				CLANG_WARN_OBJC_LITERAL_CONVERSION = YES;
				CLANG_WARN_OBJC_ROOT_CLASS = YES_ERROR;
				CLANG_WARN_RANGE_LOOP_ANALYSIS = YES;
				CLANG_WARN_STRICT_PROTOTYPES = YES;
				CLANG_WARN_SUSPICIOUS_MOVE = YES;
				CLANG_WARN_UNGUARDED_AVAILABILITY = YES_AGGRESSIVE;
				CLANG_WARN_UNREACHABLE_CODE = YES;
				CLANG_WARN__DUPLICATE_METHOD_MATCH = YES;
				CODE_SIGN_IDENTITY = "iPhone Developer";
				COPY_PHASE_STRIP = NO;
				DEBUG_INFORMATION_FORMAT = dwarf;
				ENABLE_STRICT_OBJC_MSGSEND = YES;
				ENABLE_TESTABILITY = YES;
				GCC_C_LANGUAGE_STANDARD = gnu11;
				GCC_DYNAMIC_NO_PIC = NO;
				GCC_NO_COMMON_BLOCKS = YES;
				GCC_OPTIMIZATION_LEVEL = 0;
				GCC_PREPROCESSOR_DEFINITIONS = (
					"DEBUG=1",
					"$(inherited)",
				);
				GCC_WARN_64_TO_32_BIT_CONVERSION = YES;
				GCC_WARN_ABOUT_RETURN_TYPE = YES_ERROR;
				GCC_WARN_UNDECLARED_SELECTOR = YES;
				GCC_WARN_UNINITIALIZED_AUTOS = YES_AGGRESSIVE;
				GCC_WARN_UNUSED_FUNCTION = YES;
				GCC_WARN_UNUSED_VARIABLE = YES;
				IPHONEOS_DEPLOYMENT_TARGET = 12.1;
				MTL_ENABLE_DEBUG_INFO = INCLUDE_SOURCE;
				MTL_FAST_MATH = YES;
				ONLY_ACTIVE_ARCH = YES;
				SDKROOT = iphoneos;
				SWIFT_ACTIVE_COMPILATION_CONDITIONS = DEBUG;
				SWIFT_OPTIMIZATION_LEVEL = "-Onone";
			};
			name = Debug;
		};
		EBE4864721FB944C0082458D /* Release */ = {
			isa = XCBuildConfiguration;
			buildSettings = {
				ALWAYS_SEARCH_USER_PATHS = NO;
				CLANG_ANALYZER_NONNULL = YES;
				CLANG_ANALYZER_NUMBER_OBJECT_CONVERSION = YES_AGGRESSIVE;
				CLANG_CXX_LANGUAGE_STANDARD = "gnu++14";
				CLANG_CXX_LIBRARY = "libc++";
				CLANG_ENABLE_MODULES = YES;
				CLANG_ENABLE_OBJC_ARC = YES;
				CLANG_ENABLE_OBJC_WEAK = YES;
				CLANG_WARN_BLOCK_CAPTURE_AUTORELEASING = YES;
				CLANG_WARN_BOOL_CONVERSION = YES;
				CLANG_WARN_COMMA = YES;
				CLANG_WARN_CONSTANT_CONVERSION = YES;
				CLANG_WARN_DEPRECATED_OBJC_IMPLEMENTATIONS = YES;
				CLANG_WARN_DIRECT_OBJC_ISA_USAGE = YES_ERROR;
				CLANG_WARN_DOCUMENTATION_COMMENTS = YES;
				CLANG_WARN_EMPTY_BODY = YES;
				CLANG_WARN_ENUM_CONVERSION = YES;
				CLANG_WARN_INFINITE_RECURSION = YES;
				CLANG_WARN_INT_CONVERSION = YES;
				CLANG_WARN_NON_LITERAL_NULL_CONVERSION = YES;
				CLANG_WARN_OBJC_IMPLICIT_RETAIN_SELF = YES;
				CLANG_WARN_OBJC_LITERAL_CONVERSION = YES;
				CLANG_WARN_OBJC_ROOT_CLASS = YES_ERROR;
				CLANG_WARN_RANGE_LOOP_ANALYSIS = YES;
				CLANG_WARN_STRICT_PROTOTYPES = YES;
				CLANG_WARN_SUSPICIOUS_MOVE = YES;
				CLANG_WARN_UNGUARDED_AVAILABILITY = YES_AGGRESSIVE;
				CLANG_WARN_UNREACHABLE_CODE = YES;
				CLANG_WARN__DUPLICATE_METHOD_MATCH = YES;
				CODE_SIGN_IDENTITY = "iPhone Developer";
				COPY_PHASE_STRIP = NO;
				DEBUG_INFORMATION_FORMAT = "dwarf-with-dsym";
				ENABLE_NS_ASSERTIONS = NO;
				ENABLE_STRICT_OBJC_MSGSEND = YES;
				GCC_C_LANGUAGE_STANDARD = gnu11;
				GCC_NO_COMMON_BLOCKS = YES;
				GCC_WARN_64_TO_32_BIT_CONVERSION = YES;
				GCC_WARN_ABOUT_RETURN_TYPE = YES_ERROR;
				GCC_WARN_UNDECLARED_SELECTOR = YES;
				GCC_WARN_UNINITIALIZED_AUTOS = YES_AGGRESSIVE;
				GCC_WARN_UNUSED_FUNCTION = YES;
				GCC_WARN_UNUSED_VARIABLE = YES;
				IPHONEOS_DEPLOYMENT_TARGET = 12.1;
				MTL_ENABLE_DEBUG_INFO = NO;
				MTL_FAST_MATH = YES;
				SDKROOT = iphoneos;
				SWIFT_COMPILATION_MODE = wholemodule;
				SWIFT_OPTIMIZATION_LEVEL = "-O";
				VALIDATE_PRODUCT = YES;
			};
			name = Release;
		};
		EBE4864921FB944C0082458D /* Debug */ = {
			isa = XCBuildConfiguration;
			baseConfigurationReference = 634783292AE536A112ADFF06 /* Pods-Vira.debug.xcconfig */;
			buildSettings = {
				ASSETCATALOG_COMPILER_APPICON_NAME = AppIcon;
				CODE_SIGN_STYLE = Automatic;
				DEVELOPMENT_TEAM = 59PUM5CV3T;
				INFOPLIST_FILE = Vira/Info.plist;
				LD_RUNPATH_SEARCH_PATHS = (
					"$(inherited)",
					"@executable_path/Frameworks",
				);
				PRODUCT_BUNDLE_IDENTIFIER = io.jackcook.Vira;
				PRODUCT_NAME = "$(TARGET_NAME)";
				SWIFT_VERSION = 4.2;
				TARGETED_DEVICE_FAMILY = "1,2";
			};
			name = Debug;
		};
		EBE4864A21FB944C0082458D /* Release */ = {
			isa = XCBuildConfiguration;
			baseConfigurationReference = 85C21E9A83F280FB64129CA3 /* Pods-Vira.release.xcconfig */;
			buildSettings = {
				ASSETCATALOG_COMPILER_APPICON_NAME = AppIcon;
				CODE_SIGN_STYLE = Automatic;
				DEVELOPMENT_TEAM = 59PUM5CV3T;
				INFOPLIST_FILE = Vira/Info.plist;
				LD_RUNPATH_SEARCH_PATHS = (
					"$(inherited)",
					"@executable_path/Frameworks",
				);
				PRODUCT_BUNDLE_IDENTIFIER = io.jackcook.Vira;
				PRODUCT_NAME = "$(TARGET_NAME)";
				SWIFT_VERSION = 4.2;
				TARGETED_DEVICE_FAMILY = "1,2";
			};
			name = Release;
		};
/* End XCBuildConfiguration section */

/* Begin XCConfigurationList section */
		EBE4863121FB94490082458D /* Build configuration list for PBXProject "Vira" */ = {
			isa = XCConfigurationList;
			buildConfigurations = (
				EBE4864621FB944C0082458D /* Debug */,
				EBE4864721FB944C0082458D /* Release */,
			);
			defaultConfigurationIsVisible = 0;
			defaultConfigurationName = Release;
		};
		EBE4864821FB944C0082458D /* Build configuration list for PBXNativeTarget "Vira" */ = {
			isa = XCConfigurationList;
			buildConfigurations = (
				EBE4864921FB944C0082458D /* Debug */,
				EBE4864A21FB944C0082458D /* Release */,
			);
			defaultConfigurationIsVisible = 0;
			defaultConfigurationName = Release;
		};
/* End XCConfigurationList section */
	};
	rootObject = EBE4862E21FB94490082458D /* Project object */;
}
